
Microsoft Visual Studio Solution File, Format Version 12.00
# Visual Studio Version 16
VisualStudioVersion = 16.0.28721.148
MinimumVisualStudioVersion = 10.0.40219.1
Project("{9092AA53-FB77-4645-B42D-1CCCA6BD08BD}") = "code_generator_open-cv", "code_generator_open-cv.njsproj", "{4D92BCA1-4C49-4D9A-AD35-7A24A9BA697A}"
EndProject
Global
	GlobalSection(SolutionConfigurationPlatforms) = preSolution
		Debug|Any CPU = Debug|Any CPU
		Release|Any CPU = Release|Any CPU
	EndGlobalSection
	GlobalSection(ProjectConfigurationPlatforms) = postSolution
		{4D92BCA1-4C49-4D9A-AD35-7A24A9BA697A}.Debug|Any CPU.ActiveCfg = Debug|Any CPU
		{4D92BCA1-4C49-4D9A-AD35-7A24A9BA697A}.Debug|Any CPU.Build.0 = Debug|Any CPU
		{4D92BCA1-4C49-4D9A-AD35-7A24A9BA697A}.Release|Any CPU.ActiveCfg = Release|Any CPU
		{4D92BCA1-4C49-4D9A-AD35-7A24A9BA697A}.Release|Any CPU.Build.0 = Release|Any CPU
	EndGlobalSection
	GlobalSection(SolutionProperties) = preSolution
		HideSolutionNode = FALSE
	EndGlobalSection
	GlobalSection(ExtensibilityGlobals) = postSolution
		SolutionGuid = {F90EE88C-B684-4A2E-8409-325306E6C28A}
	EndGlobalSection
EndGlobal
